// !$*UTF8*$!
{
	archiveVersion = 1;
	classes = {
	};
	objectVersion = 56;
	objects = {

/* Begin PBXBuildFile section */
		09EA3417298B88830010EF58 /* DependenciesExampleApp.swift in Sources */ = {isa = PBXBuildFile; fileRef = 09EA3416298B88830010EF58 /* DependenciesExampleApp.swift */; };
		09EA3419298B88830010EF58 /* ContentView.swift in Sources */ = {isa = PBXBuildFile; fileRef = 09EA3418298B88830010EF58 /* ContentView.swift */; };
		09EA341B298B88840010EF58 /* Assets.xcassets in Resources */ = {isa = PBXBuildFile; fileRef = 09EA341A298B88840010EF58 /* Assets.xcassets */; };
		09EA341E298B88840010EF58 /* Preview Assets.xcassets in Resources */ = {isa = PBXBuildFile; fileRef = 09EA341D298B88840010EF58 /* Preview Assets.xcassets */; };
		09EA3428298B88840010EF58 /* DependenciesExampleTests.swift in Sources */ = {isa = PBXBuildFile; fileRef = 09EA3427298B88840010EF58 /* DependenciesExampleTests.swift */; };
		09EA3442298B88D30010EF58 /* Dependencies in Frameworks */ = {isa = PBXBuildFile; productRef = 09EA3441298B88D30010EF58 /* Dependencies */; };
/* End PBXBuildFile section */

/* Begin PBXContainerItemProxy section */
		09EA3424298B88840010EF58 /* PBXContainerItemProxy */ = {
			isa = PBXContainerItemProxy;
			containerPortal = 09EA340B298B88830010EF58 /* Project object */;
			proxyType = 1;
			remoteGlobalIDString = 09EA3412298B88830010EF58;
			remoteInfo = DependenciesExample;
		};
/* End PBXContainerItemProxy section */

/* Begin PBXFileReference section */
		09EA3413298B88830010EF58 /* DependenciesExample.app */ = {isa = PBXFileReference; explicitFileType = wrapper.application; includeInIndex = 0; path = DependenciesExample.app; sourceTree = BUILT_PRODUCTS_DIR; };
		09EA3416298B88830010EF58 /* DependenciesExampleApp.swift */ = {isa = PBXFileReference; lastKnownFileType = sourcecode.swift; path = DependenciesExampleApp.swift; sourceTree = "<group>"; };
		09EA3418298B88830010EF58 /* ContentView.swift */ = {isa = PBXFileReference; lastKnownFileType = sourcecode.swift; path = ContentView.swift; sourceTree = "<group>"; };
		09EA341A298B88840010EF58 /* Assets.xcassets */ = {isa = PBXFileReference; lastKnownFileType = folder.assetcatalog; path = Assets.xcassets; sourceTree = "<group>"; };
		09EA341D298B88840010EF58 /* Preview Assets.xcassets */ = {isa = PBXFileReference; lastKnownFileType = folder.assetcatalog; path = "Preview Assets.xcassets"; sourceTree = "<group>"; };
		09EA3423298B88840010EF58 /* DependenciesExampleTests.xctest */ = {isa = PBXFileReference; explicitFileType = wrapper.cfbundle; includeInIndex = 0; path = DependenciesExampleTests.xctest; sourceTree = BUILT_PRODUCTS_DIR; };
		09EA3427298B88840010EF58 /* DependenciesExampleTests.swift */ = {isa = PBXFileReference; lastKnownFileType = sourcecode.swift; path = DependenciesExampleTests.swift; sourceTree = "<group>"; };
/* End PBXFileReference section */

/* Begin PBXFrameworksBuildPhase section */
		09EA3410298B88830010EF58 /* Frameworks */ = {
			isa = PBXFrameworksBuildPhase;
			buildActionMask = 2147483647;
			files = (
				09EA3442298B88D30010EF58 /* Dependencies in Frameworks */,
			);
			runOnlyForDeploymentPostprocessing = 0;
		};
		09EA3420298B88840010EF58 /* Frameworks */ = {
			isa = PBXFrameworksBuildPhase;
			buildActionMask = 2147483647;
			files = (
			);
			runOnlyForDeploymentPostprocessing = 0;
		};
/* End PBXFrameworksBuildPhase section */

/* Begin PBXGroup section */
		09EA340A298B88830010EF58 = {
			isa = PBXGroup;
			children = (
				09EA3415298B88830010EF58 /* DependenciesExample */,
				09EA3426298B88840010EF58 /* DependenciesExampleTests */,
				09EA3414298B88830010EF58 /* Products */,
			);
			sourceTree = "<group>";
		};
		09EA3414298B88830010EF58 /* Products */ = {
			isa = PBXGroup;
			children = (
				09EA3413298B88830010EF58 /* DependenciesExample.app */,
				09EA3423298B88840010EF58 /* DependenciesExampleTests.xctest */,
			);
			name = Products;
			sourceTree = "<group>";
		};
		09EA3415298B88830010EF58 /* DependenciesExample */ = {
			isa = PBXGroup;
			children = (
				09EA3416298B88830010EF58 /* DependenciesExampleApp.swift */,
				09EA3418298B88830010EF58 /* ContentView.swift */,
				09EA341A298B88840010EF58 /* Assets.xcassets */,
				09EA341C298B88840010EF58 /* Preview Content */,
			);
			path = DependenciesExample;
			sourceTree = "<group>";
		};
		09EA341C298B88840010EF58 /* Preview Content */ = {
			isa = PBXGroup;
			children = (
				09EA341D298B88840010EF58 /* Preview Assets.xcassets */,
			);
			path = "Preview Content";
			sourceTree = "<group>";
		};
		09EA3426298B88840010EF58 /* DependenciesExampleTests */ = {
			isa = PBXGroup;
			children = (
				09EA3427298B88840010EF58 /* DependenciesExampleTests.swift */,
			);
			path = DependenciesExampleTests;
			sourceTree = "<group>";
		};
/* End PBXGroup section */

/* Begin PBXNativeTarget section */
		09EA3412298B88830010EF58 /* DependenciesExample */ = {
			isa = PBXNativeTarget;
			buildConfigurationList = 09EA3437298B88840010EF58 /* Build configuration list for PBXNativeTarget "DependenciesExample" */;
			buildPhases = (
				09EA340F298B88830010EF58 /* Sources */,
				09EA3410298B88830010EF58 /* Frameworks */,
				09EA3411298B88830010EF58 /* Resources */,
			);
			buildRules = (
			);
			dependencies = (
			);
			name = DependenciesExample;
			packageProductDependencies = (
				09EA3441298B88D30010EF58 /* Dependencies */,
			);
			productName = DependenciesExample;
			productReference = 09EA3413298B88830010EF58 /* DependenciesExample.app */;
			productType = "com.apple.product-type.application";
		};
		09EA3422298B88840010EF58 /* DependenciesExampleTests */ = {
			isa = PBXNativeTarget;
			buildConfigurationList = 09EA343A298B88840010EF58 /* Build configuration list for PBXNativeTarget "DependenciesExampleTests" */;
			buildPhases = (
				09EA341F298B88840010EF58 /* Sources */,
				09EA3420298B88840010EF58 /* Frameworks */,
				09EA3421298B88840010EF58 /* Resources */,
			);
			buildRules = (
			);
			dependencies = (
				09EA3425298B88840010EF58 /* PBXTargetDependency */,
			);
			name = DependenciesExampleTests;
			productName = DependenciesExampleTests;
			productReference = 09EA3423298B88840010EF58 /* DependenciesExampleTests.xctest */;
			productType = "com.apple.product-type.bundle.unit-test";
		};
/* End PBXNativeTarget section */

/* Begin PBXProject section */
		09EA340B298B88830010EF58 /* Project object */ = {
			isa = PBXProject;
			attributes = {
				BuildIndependentTargetsInParallel = 1;
				LastSwiftUpdateCheck = 1410;
				LastUpgradeCheck = 1410;
				TargetAttributes = {
					09EA3412298B88830010EF58 = {
						CreatedOnToolsVersion = 14.1;
					};
					09EA3422298B88840010EF58 = {
						CreatedOnToolsVersion = 14.1;
						TestTargetID = 09EA3412298B88830010EF58;
					};
				};
			};
			buildConfigurationList = 09EA340E298B88830010EF58 /* Build configuration list for PBXProject "DependenciesExample" */;
			compatibilityVersion = "Xcode 14.0";
			developmentRegion = en;
			hasScannedForEncodings = 0;
			knownRegions = (
				en,
				Base,
			);
			mainGroup = 09EA340A298B88830010EF58;
			packageReferences = (
				09EA3440298B88D30010EF58 /* XCRemoteSwiftPackageReference "swift-dependencies" */,
			);
			productRefGroup = 09EA3414298B88830010EF58 /* Products */;
			projectDirPath = "";
			projectRoot = "";
			targets = (
				09EA3412298B88830010EF58 /* DependenciesExample */,
				09EA3422298B88840010EF58 /* DependenciesExampleTests */,
			);
		};
/* End PBXProject section */

/* Begin PBXResourcesBuildPhase section */
		09EA3411298B88830010EF58 /* Resources */ = {
			isa = PBXResourcesBuildPhase;
			buildActionMask = 2147483647;
			files = (
				09EA341E298B88840010EF58 /* Preview Assets.xcassets in Resources */,
				09EA341B298B88840010EF58 /* Assets.xcassets in Resources */,
			);
			runOnlyForDeploymentPostprocessing = 0;
		};
		09EA3421298B88840010EF58 /* Resources */ = {
			isa = PBXResourcesBuildPhase;
			buildActionMask = 2147483647;
			files = (
			);
			runOnlyForDeploymentPostprocessing = 0;
		};
/* End PBXResourcesBuildPhase section */

/* Begin PBXSourcesBuildPhase section */
		09EA340F298B88830010EF58 /* Sources */ = {
			isa = PBXSourcesBuildPhase;
			buildActionMask = 2147483647;
			files = (
				09EA3419298B88830010EF58 /* ContentView.swift in Sources */,
				09EA3417298B88830010EF58 /* DependenciesExampleApp.swift in Sources */,
			);
			runOnlyForDeploymentPostprocessing = 0;
		};
		09EA341F298B88840010EF58 /* Sources */ = {
			isa = PBXSourcesBuildPhase;
			buildActionMask = 2147483647;
			files = (
				09EA3428298B88840010EF58 /* DependenciesExampleTests.swift in Sources */,
			);
			runOnlyForDeploymentPostprocessing = 0;
		};
/* End PBXSourcesBuildPhase section */

/* Begin PBXTargetDependency section */
		09EA3425298B88840010EF58 /* PBXTargetDependency */ = {
			isa = PBXTargetDependency;
			target = 09EA3412298B88830010EF58 /* DependenciesExample */;
			targetProxy = 09EA3424298B88840010EF58 /* PBXContainerItemProxy */;
		};
/* End PBXTargetDependency section */

/* Begin XCBuildConfiguration section */
		09EA3435298B88840010EF58 /* Debug */ = {
			isa = XCBuildConfiguration;
			buildSettings = {
				ALWAYS_SEARCH_USER_PATHS = NO;
				CLANG_ANALYZER_NONNULL = YES;
				CLANG_ANALYZER_NUMBER_OBJECT_CONVERSION = YES_AGGRESSIVE;
				CLANG_CXX_LANGUAGE_STANDARD = "gnu++20";
				CLANG_ENABLE_MODULES = YES;
				CLANG_ENABLE_OBJC_ARC = YES;
				CLANG_ENABLE_OBJC_WEAK = YES;
				CLANG_WARN_BLOCK_CAPTURE_AUTORELEASING = YES;
				CLANG_WARN_BOOL_CONVERSION = YES;
				CLANG_WARN_COMMA = YES;
				CLANG_WARN_CONSTANT_CONVERSION = YES;
				CLANG_WARN_DEPRECATED_OBJC_IMPLEMENTATIONS = YES;
				CLANG_WARN_DIRECT_OBJC_ISA_USAGE = YES_ERROR;
				CLANG_WARN_DOCUMENTATION_COMMENTS = YES;
				CLANG_WARN_EMPTY_BODY = YES;
				CLANG_WARN_ENUM_CONVERSION = YES;
				CLANG_WARN_INFINITE_RECURSION = YES;
				CLANG_WARN_INT_CONVERSION = YES;
				CLANG_WARN_NON_LITERAL_NULL_CONVERSION = YES;
				CLANG_WARN_OBJC_IMPLICIT_RETAIN_SELF = YES;
				CLANG_WARN_OBJC_LITERAL_CONVERSION = YES;
				CLANG_WARN_OBJC_ROOT_CLASS = YES_ERROR;
				CLANG_WARN_QUOTED_INCLUDE_IN_FRAMEWORK_HEADER = YES;
				CLANG_WARN_RANGE_LOOP_ANALYSIS = YES;
				CLANG_WARN_STRICT_PROTOTYPES = YES;
				CLANG_WARN_SUSPICIOUS_MOVE = YES;
				CLANG_WARN_UNGUARDED_AVAILABILITY = YES_AGGRESSIVE;
				CLANG_WARN_UNREACHABLE_CODE = YES;
				CLANG_WARN__DUPLICATE_METHOD_MATCH = YES;
				COPY_PHASE_STRIP = NO;
				DEBUG_INFORMATION_FORMAT = dwarf;
				ENABLE_STRICT_OBJC_MSGSEND = YES;
				ENABLE_TESTABILITY = YES;
				GCC_C_LANGUAGE_STANDARD = gnu11;
				GCC_DYNAMIC_NO_PIC = NO;
				GCC_NO_COMMON_BLOCKS = YES;
				GCC_OPTIMIZATION_LEVEL = 0;
				GCC_PREPROCESSOR_DEFINITIONS = (
					"DEBUG=1",
					"$(inherited)",
				);
				GCC_WARN_64_TO_32_BIT_CONVERSION = YES;
				GCC_WARN_ABOUT_RETURN_TYPE = YES_ERROR;
				GCC_WARN_UNDECLARED_SELECTOR = YES;
				GCC_WARN_UNINITIALIZED_AUTOS = YES_AGGRESSIVE;
				GCC_WARN_UNUSED_FUNCTION = YES;
				GCC_WARN_UNUSED_VARIABLE = YES;
				IPHONEOS_DEPLOYMENT_TARGET = 16.1;
				MTL_ENABLE_DEBUG_INFO = INCLUDE_SOURCE;
				MTL_FAST_MATH = YES;
				ONLY_ACTIVE_ARCH = YES;
				SDKROOT = iphoneos;
				SWIFT_ACTIVE_COMPILATION_CONDITIONS = DEBUG;
				SWIFT_OPTIMIZATION_LEVEL = "-Onone";
			};
			name = Debug;
		};
		09EA3436298B88840010EF58 /* Release */ = {
			isa = XCBuildConfiguration;
			buildSettings = {
				ALWAYS_SEARCH_USER_PATHS = NO;
				CLANG_ANALYZER_NONNULL = YES;
				CLANG_ANALYZER_NUMBER_OBJECT_CONVERSION = YES_AGGRESSIVE;
				CLANG_CXX_LANGUAGE_STANDARD = "gnu++20";
				CLANG_ENABLE_MODULES = YES;
				CLANG_ENABLE_OBJC_ARC = YES;
				CLANG_ENABLE_OBJC_WEAK = YES;
				CLANG_WARN_BLOCK_CAPTURE_AUTORELEASING = YES;
				CLANG_WARN_BOOL_CONVERSION = YES;
				CLANG_WARN_COMMA = YES;
				CLANG_WARN_CONSTANT_CONVERSION = YES;
				CLANG_WARN_DEPRECATED_OBJC_IMPLEMENTATIONS = YES;
				CLANG_WARN_DIRECT_OBJC_ISA_USAGE = YES_ERROR;
				CLANG_WARN_DOCUMENTATION_COMMENTS = YES;
				CLANG_WARN_EMPTY_BODY = YES;
				CLANG_WARN_ENUM_CONVERSION = YES;
				CLANG_WARN_INFINITE_RECURSION = YES;
				CLANG_WARN_INT_CONVERSION = YES;
				CLANG_WARN_NON_LITERAL_NULL_CONVERSION = YES;
				CLANG_WARN_OBJC_IMPLICIT_RETAIN_SELF = YES;
				CLANG_WARN_OBJC_LITERAL_CONVERSION = YES;
				CLANG_WARN_OBJC_ROOT_CLASS = YES_ERROR;
				CLANG_WARN_QUOTED_INCLUDE_IN_FRAMEWORK_HEADER = YES;
				CLANG_WARN_RANGE_LOOP_ANALYSIS = YES;
				CLANG_WARN_STRICT_PROTOTYPES = YES;
				CLANG_WARN_SUSPICIOUS_MOVE = YES;
				CLANG_WARN_UNGUARDED_AVAILABILITY = YES_AGGRESSIVE;
				CLANG_WARN_UNREACHABLE_CODE = YES;
				CLANG_WARN__DUPLICATE_METHOD_MATCH = YES;
				COPY_PHASE_STRIP = NO;
				DEBUG_INFORMATION_FORMAT = "dwarf-with-dsym";
				ENABLE_NS_ASSERTIONS = NO;
				ENABLE_STRICT_OBJC_MSGSEND = YES;
				GCC_C_LANGUAGE_STANDARD = gnu11;
				GCC_NO_COMMON_BLOCKS = YES;
				GCC_WARN_64_TO_32_BIT_CONVERSION = YES;
				GCC_WARN_ABOUT_RETURN_TYPE = YES_ERROR;
				GCC_WARN_UNDECLARED_SELECTOR = YES;
				GCC_WARN_UNINITIALIZED_AUTOS = YES_AGGRESSIVE;
				GCC_WARN_UNUSED_FUNCTION = YES;
				GCC_WARN_UNUSED_VARIABLE = YES;
				IPHONEOS_DEPLOYMENT_TARGET = 16.1;
				MTL_ENABLE_DEBUG_INFO = NO;
				MTL_FAST_MATH = YES;
				SDKROOT = iphoneos;
				SWIFT_COMPILATION_MODE = wholemodule;
				SWIFT_OPTIMIZATION_LEVEL = "-O";
				VALIDATE_PRODUCT = YES;
			};
			name = Release;
		};
		09EA3438298B88840010EF58 /* Debug */ = {
			isa = XCBuildConfiguration;
			buildSettings = {
				ASSETCATALOG_COMPILER_APPICON_NAME = AppIcon;
				ASSETCATALOG_COMPILER_GLOBAL_ACCENT_COLOR_NAME = AccentColor;
				CODE_SIGN_STYLE = Automatic;
				CURRENT_PROJECT_VERSION = 1;
				DEVELOPMENT_ASSET_PATHS = "\"DependenciesExample/Preview Content\"";
				DEVELOPMENT_TEAM = NY298QGF9H;
				ENABLE_PREVIEWS = YES;
				GENERATE_INFOPLIST_FILE = YES;
				INFOPLIST_KEY_UIApplicationSceneManifest_Generation = YES;
				INFOPLIST_KEY_UIApplicationSupportsIndirectInputEvents = YES;
				INFOPLIST_KEY_UILaunchScreen_Generation = YES;
				INFOPLIST_KEY_UISupportedInterfaceOrientations_iPad = "UIInterfaceOrientationPortrait UIInterfaceOrientationPortraitUpsideDown UIInterfaceOrientationLandscapeLeft UIInterfaceOrientationLandscapeRight";
				INFOPLIST_KEY_UISupportedInterfaceOrientations_iPhone = "UIInterfaceOrientationPortrait UIInterfaceOrientationLandscapeLeft UIInterfaceOrientationLandscapeRight";
				LD_RUNPATH_SEARCH_PATHS = (
					"$(inherited)",
					"@executable_path/Frameworks",
				);
				MARKETING_VERSION = 1.0;
				PRODUCT_BUNDLE_IDENTIFIER = com.golface.DependenciesExample;
				PRODUCT_NAME = "$(TARGET_NAME)";
				SWIFT_EMIT_LOC_STRINGS = YES;
				SWIFT_VERSION = 5.0;
				TARGETED_DEVICE_FAMILY = "1,2";
			};
			name = Debug;
		};
		09EA3439298B88840010EF58 /* Release */ = {
			isa = XCBuildConfiguration;
			buildSettings = {
				ASSETCATALOG_COMPILER_APPICON_NAME = AppIcon;
				ASSETCATALOG_COMPILER_GLOBAL_ACCENT_COLOR_NAME = AccentColor;
				CODE_SIGN_STYLE = Automatic;
				CURRENT_PROJECT_VERSION = 1;
				DEVELOPMENT_ASSET_PATHS = "\"DependenciesExample/Preview Content\"";
				DEVELOPMENT_TEAM = NY298QGF9H;
				ENABLE_PREVIEWS = YES;
				GENERATE_INFOPLIST_FILE = YES;
				INFOPLIST_KEY_UIApplicationSceneManifest_Generation = YES;
				INFOPLIST_KEY_UIApplicationSupportsIndirectInputEvents = YES;
				INFOPLIST_KEY_UILaunchScreen_Generation = YES;
				INFOPLIST_KEY_UISupportedInterfaceOrientations_iPad = "UIInterfaceOrientationPortrait UIInterfaceOrientationPortraitUpsideDown UIInterfaceOrientationLandscapeLeft UIInterfaceOrientationLandscapeRight";
				INFOPLIST_KEY_UISupportedInterfaceOrientations_iPhone = "UIInterfaceOrientationPortrait UIInterfaceOrientationLandscapeLeft UIInterfaceOrientationLandscapeRight";
				LD_RUNPATH_SEARCH_PATHS = (
					"$(inherited)",
					"@executable_path/Frameworks",
				);
				MARKETING_VERSION = 1.0;
				PRODUCT_BUNDLE_IDENTIFIER = com.golface.DependenciesExample;
				PRODUCT_NAME = "$(TARGET_NAME)";
				SWIFT_EMIT_LOC_STRINGS = YES;
				SWIFT_VERSION = 5.0;
				TARGETED_DEVICE_FAMILY = "1,2";
			};
			name = Release;
		};
		09EA343B298B88840010EF58 /* Debug */ = {
			isa = XCBuildConfiguration;
			buildSettings = {
				ALWAYS_EMBED_SWIFT_STANDARD_LIBRARIES = YES;
				BUNDLE_LOADER = "$(TEST_HOST)";
				CODE_SIGN_STYLE = Automatic;
				CURRENT_PROJECT_VERSION = 1;
				DEVELOPMENT_TEAM = NY298QGF9H;
				GENERATE_INFOPLIST_FILE = YES;
				IPHONEOS_DEPLOYMENT_TARGET = 16.1;
				MARKETING_VERSION = 1.0;
				PRODUCT_BUNDLE_IDENTIFIER = com.golface.DependenciesExampleTests;
				PRODUCT_NAME = "$(TARGET_NAME)";
				SWIFT_EMIT_LOC_STRINGS = NO;
				SWIFT_VERSION = 5.0;
				TARGETED_DEVICE_FAMILY = "1,2";
				TEST_HOST = "$(BUILT_PRODUCTS_DIR)/DependenciesExample.app/$(BUNDLE_EXECUTABLE_FOLDER_PATH)/DependenciesExample";
			};
			name = Debug;
		};
		09EA343C298B88840010EF58 /* Release */ = {
			isa = XCBuildConfiguration;
			buildSettings = {
				ALWAYS_EMBED_SWIFT_STANDARD_LIBRARIES = YES;
				BUNDLE_LOADER = "$(TEST_HOST)";
				CODE_SIGN_STYLE = Automatic;
				CURRENT_PROJECT_VERSION = 1;
				DEVELOPMENT_TEAM = NY298QGF9H;
				GENERATE_INFOPLIST_FILE = YES;
				IPHONEOS_DEPLOYMENT_TARGET = 16.1;
				MARKETING_VERSION = 1.0;
				PRODUCT_BUNDLE_IDENTIFIER = com.golface.DependenciesExampleTests;
				PRODUCT_NAME = "$(TARGET_NAME)";
				SWIFT_EMIT_LOC_STRINGS = NO;
				SWIFT_VERSION = 5.0;
				TARGETED_DEVICE_FAMILY = "1,2";
				TEST_HOST = "$(BUILT_PRODUCTS_DIR)/DependenciesExample.app/$(BUNDLE_EXECUTABLE_FOLDER_PATH)/DependenciesExample";
			};
			name = Release;
		};
/* End XCBuildConfiguration section */

/* Begin XCConfigurationList section */
		09EA340E298B88830010EF58 /* Build configuration list for PBXProject "DependenciesExample" */ = {
			isa = XCConfigurationList;
			buildConfigurations = (
				09EA3435298B88840010EF58 /* Debug */,
				09EA3436298B88840010EF58 /* Release */,
			);
			defaultConfigurationIsVisible = 0;
			defaultConfigurationName = Release;
		};
		09EA3437298B88840010EF58 /* Build configuration list for PBXNativeTarget "DependenciesExample" */ = {
			isa = XCConfigurationList;
			buildConfigurations = (
				09EA3438298B88840010EF58 /* Debug */,
				09EA3439298B88840010EF58 /* Release */,
			);
			defaultConfigurationIsVisible = 0;
			defaultConfigurationName = Release;
		};
		09EA343A298B88840010EF58 /* Build configuration list for PBXNativeTarget "DependenciesExampleTests" */ = {
			isa = XCConfigurationList;
			buildConfigurations = (
				09EA343B298B88840010EF58 /* Debug */,
				09EA343C298B88840010EF58 /* Release */,
			);
			defaultConfigurationIsVisible = 0;
			defaultConfigurationName = Release;
		};
/* End XCConfigurationList section */

/* Begin XCRemoteSwiftPackageReference section */
		09EA3440298B88D30010EF58 /* XCRemoteSwiftPackageReference "swift-dependencies" */ = {
			isa = XCRemoteSwiftPackageReference;
			repositoryURL = "https://github.com/pointfreeco/swift-dependencies";
			requirement = {
				kind = upToNextMajorVersion;
				minimumVersion = 0.1.4;
			};
		};
/* End XCRemoteSwiftPackageReference section */

/* Begin XCSwiftPackageProductDependency section */
		09EA3441298B88D30010EF58 /* Dependencies */ = {
			isa = XCSwiftPackageProductDependency;
			package = 09EA3440298B88D30010EF58 /* XCRemoteSwiftPackageReference "swift-dependencies" */;
			productName = Dependencies;
		};
/* End XCSwiftPackageProductDependency section */
	};
	rootObject = 09EA340B298B88830010EF58 /* Project object */;
}
